// !$*UTF8*$!
{
	archiveVersion = 1;
	classes = {
	};
	objectVersion = 50;
	objects = {

/* Begin PBXBuildFile section */
		111B1F13230571F5007D3697 /* Alamofire.framework in Frameworks */ = {isa = PBXBuildFile; fileRef = 111B1F12230571F5007D3697 /* Alamofire.framework */; };
		111B1F1523057202007D3697 /* SwiftyJSON.framework in Frameworks */ = {isa = PBXBuildFile; fileRef = 111B1F1423057202007D3697 /* SwiftyJSON.framework */; };
		115A0E1622F83C07003E8B54 /* AppDelegate.swift in Sources */ = {isa = PBXBuildFile; fileRef = 115A0E1522F83C07003E8B54 /* AppDelegate.swift */; };
		115A0E1822F83C07003E8B54 /* ViewController.swift in Sources */ = {isa = PBXBuildFile; fileRef = 115A0E1722F83C07003E8B54 /* ViewController.swift */; };
		115A0E1B22F83C07003E8B54 /* Main.storyboard in Resources */ = {isa = PBXBuildFile; fileRef = 115A0E1922F83C07003E8B54 /* Main.storyboard */; };
		115A0E1D22F83C09003E8B54 /* Assets.xcassets in Resources */ = {isa = PBXBuildFile; fileRef = 115A0E1C22F83C09003E8B54 /* Assets.xcassets */; };
		115A0E2022F83C09003E8B54 /* LaunchScreen.storyboard in Resources */ = {isa = PBXBuildFile; fileRef = 115A0E1E22F83C09003E8B54 /* LaunchScreen.storyboard */; };
		115A0E2822F84387003E8B54 /* authorization.swift in Sources */ = {isa = PBXBuildFile; fileRef = 115A0E2722F84387003E8B54 /* authorization.swift */; };
		11AF7C2822F9AC570049BD4B /* FirstScreen.swift in Sources */ = {isa = PBXBuildFile; fileRef = 11AF7C2722F9AC570049BD4B /* FirstScreen.swift */; };
/* End PBXBuildFile section */

/* Begin PBXFileReference section */
		111B1F12230571F5007D3697 /* Alamofire.framework */ = {isa = PBXFileReference; lastKnownFileType = wrapper.framework; name = Alamofire.framework; path = Carthage/Build/iOS/Alamofire.framework; sourceTree = "<group>"; };
		111B1F1423057202007D3697 /* SwiftyJSON.framework */ = {isa = PBXFileReference; lastKnownFileType = wrapper.framework; name = SwiftyJSON.framework; path = Carthage/Build/iOS/SwiftyJSON.framework; sourceTree = "<group>"; };
		115A0E1222F83C07003E8B54 /* test-app.app */ = {isa = PBXFileReference; explicitFileType = wrapper.application; includeInIndex = 0; path = "test-app.app"; sourceTree = BUILT_PRODUCTS_DIR; };
		115A0E1522F83C07003E8B54 /* AppDelegate.swift */ = {isa = PBXFileReference; lastKnownFileType = sourcecode.swift; path = AppDelegate.swift; sourceTree = "<group>"; };
		115A0E1722F83C07003E8B54 /* ViewController.swift */ = {isa = PBXFileReference; lastKnownFileType = sourcecode.swift; path = ViewController.swift; sourceTree = "<group>"; };
		115A0E1A22F83C07003E8B54 /* Base */ = {isa = PBXFileReference; lastKnownFileType = file.storyboard; name = Base; path = Base.lproj/Main.storyboard; sourceTree = "<group>"; };
		115A0E1C22F83C09003E8B54 /* Assets.xcassets */ = {isa = PBXFileReference; lastKnownFileType = folder.assetcatalog; path = Assets.xcassets; sourceTree = "<group>"; };
		115A0E1F22F83C09003E8B54 /* Base */ = {isa = PBXFileReference; lastKnownFileType = file.storyboard; name = Base; path = Base.lproj/LaunchScreen.storyboard; sourceTree = "<group>"; };
		115A0E2122F83C09003E8B54 /* Info.plist */ = {isa = PBXFileReference; lastKnownFileType = text.plist.xml; path = Info.plist; sourceTree = "<group>"; };
		115A0E2722F84387003E8B54 /* authorization.swift */ = {isa = PBXFileReference; lastKnownFileType = sourcecode.swift; path = authorization.swift; sourceTree = "<group>"; };
		11AF7C2722F9AC570049BD4B /* FirstScreen.swift */ = {isa = PBXFileReference; lastKnownFileType = sourcecode.swift; path = FirstScreen.swift; sourceTree = "<group>"; };
/* End PBXFileReference section */

/* Begin PBXFrameworksBuildPhase section */
		115A0E0F22F83C07003E8B54 /* Frameworks */ = {
			isa = PBXFrameworksBuildPhase;
			buildActionMask = 2147483647;
			files = (
				111B1F1523057202007D3697 /* SwiftyJSON.framework in Frameworks */,
				111B1F13230571F5007D3697 /* Alamofire.framework in Frameworks */,
			);
			runOnlyForDeploymentPostprocessing = 0;
		};
/* End PBXFrameworksBuildPhase section */

/* Begin PBXGroup section */
		111B1F11230571F4007D3697 /* Frameworks */ = {
			isa = PBXGroup;
			children = (
				111B1F1423057202007D3697 /* SwiftyJSON.framework */,
				111B1F12230571F5007D3697 /* Alamofire.framework */,
			);
			name = Frameworks;
			sourceTree = "<group>";
		};
		115A0E0922F83C07003E8B54 = {
			isa = PBXGroup;
			children = (
				115A0E1422F83C07003E8B54 /* test-app */,
				115A0E1322F83C07003E8B54 /* Products */,
				111B1F11230571F4007D3697 /* Frameworks */,
			);
			sourceTree = "<group>";
		};
		115A0E1322F83C07003E8B54 /* Products */ = {
			isa = PBXGroup;
			children = (
				115A0E1222F83C07003E8B54 /* test-app.app */,
			);
			name = Products;
			sourceTree = "<group>";
		};
		115A0E1422F83C07003E8B54 /* test-app */ = {
			isa = PBXGroup;
			children = (
				115A0E1522F83C07003E8B54 /* AppDelegate.swift */,
				115A0E1722F83C07003E8B54 /* ViewController.swift */,
				115A0E1922F83C07003E8B54 /* Main.storyboard */,
				115A0E2722F84387003E8B54 /* authorization.swift */,
				11AF7C2722F9AC570049BD4B /* FirstScreen.swift */,
				115A0E1C22F83C09003E8B54 /* Assets.xcassets */,
				115A0E1E22F83C09003E8B54 /* LaunchScreen.storyboard */,
				115A0E2122F83C09003E8B54 /* Info.plist */,
			);
			path = "test-app";
			sourceTree = "<group>";
		};
/* End PBXGroup section */

/* Begin PBXNativeTarget section */
		115A0E1122F83C07003E8B54 /* test-app */ = {
			isa = PBXNativeTarget;
			buildConfigurationList = 115A0E2422F83C09003E8B54 /* Build configuration list for PBXNativeTarget "test-app" */;
			buildPhases = (
				115A0E0E22F83C07003E8B54 /* Sources */,
				115A0E0F22F83C07003E8B54 /* Frameworks */,
				115A0E1022F83C07003E8B54 /* Resources */,
				111B1F1623057221007D3697 /* ShellScript */,
			);
			buildRules = (
			);
			dependencies = (
			);
			name = "test-app";
			productName = "test-app";
			productReference = 115A0E1222F83C07003E8B54 /* test-app.app */;
			productType = "com.apple.product-type.application";
		};
/* End PBXNativeTarget section */

/* Begin PBXProject section */
		115A0E0A22F83C07003E8B54 /* Project object */ = {
			isa = PBXProject;
			attributes = {
				LastSwiftUpdateCheck = 1030;
				LastUpgradeCheck = 1030;
				ORGANIZATIONNAME = "Alexander Rogov";
				TargetAttributes = {
					115A0E1122F83C07003E8B54 = {
						CreatedOnToolsVersion = 10.3;
					};
				};
			};
			buildConfigurationList = 115A0E0D22F83C07003E8B54 /* Build configuration list for PBXProject "test-app" */;
			compatibilityVersion = "Xcode 9.3";
			developmentRegion = en;
			hasScannedForEncodings = 0;
			knownRegions = (
				en,
				Base,
			);
			mainGroup = 115A0E0922F83C07003E8B54;
			productRefGroup = 115A0E1322F83C07003E8B54 /* Products */;
			projectDirPath = "";
			projectRoot = "";
			targets = (
				115A0E1122F83C07003E8B54 /* test-app */,
			);
		};
/* End PBXProject section */

/* Begin PBXResourcesBuildPhase section */
		115A0E1022F83C07003E8B54 /* Resources */ = {
			isa = PBXResourcesBuildPhase;
			buildActionMask = 2147483647;
			files = (
				115A0E2022F83C09003E8B54 /* LaunchScreen.storyboard in Resources */,
				115A0E1D22F83C09003E8B54 /* Assets.xcassets in Resources */,
				115A0E1B22F83C07003E8B54 /* Main.storyboard in Resources */,
			);
			runOnlyForDeploymentPostprocessing = 0;
		};
/* End PBXResourcesBuildPhase section */

/* Begin PBXShellScriptBuildPhase section */
		111B1F1623057221007D3697 /* ShellScript */ = {
			isa = PBXShellScriptBuildPhase;
			buildActionMask = 2147483647;
			files = (
			);
			inputFileListPaths = (
			);
			inputPaths = (
				"$(SRCROOT)/Carthage/Build/iOS/Alamofire.framework",
				"$(SRCROOT)/Carthage/Build/iOS/SwiftyJSON.framework",
			);
			outputFileListPaths = (
			);
			outputPaths = (
			);
			runOnlyForDeploymentPostprocessing = 0;
			shellPath = /bin/sh;
			shellScript = "# Type a script or drag a script file from your workspace to insert its path.\n/usr/local/bin/carthage copy-frameworks\n";
		};
/* End PBXShellScriptBuildPhase section */

/* Begin PBXSourcesBuildPhase section */
		115A0E0E22F83C07003E8B54 /* Sources */ = {
			isa = PBXSourcesBuildPhase;
			buildActionMask = 2147483647;
			files = (
				11AF7C2822F9AC570049BD4B /* FirstScreen.swift in Sources */,
				115A0E1822F83C07003E8B54 /* ViewController.swift in Sources */,
				115A0E1622F83C07003E8B54 /* AppDelegate.swift in Sources */,
				115A0E2822F84387003E8B54 /* authorization.swift in Sources */,
			);
			runOnlyForDeploymentPostprocessing = 0;
		};
/* End PBXSourcesBuildPhase section */

/* Begin PBXVariantGroup section */
		115A0E1922F83C07003E8B54 /* Main.storyboard */ = {
			isa = PBXVariantGroup;
			children = (
				115A0E1A22F83C07003E8B54 /* Base */,
			);
			name = Main.storyboard;
			sourceTree = "<group>";
		};
		115A0E1E22F83C09003E8B54 /* LaunchScreen.storyboard */ = {
			isa = PBXVariantGroup;
			children = (
				115A0E1F22F83C09003E8B54 /* Base */,
			);
			name = LaunchScreen.storyboard;
			sourceTree = "<group>";
		};
/* End PBXVariantGroup section */

/* Begin XCBuildConfiguration section */
		115A0E2222F83C09003E8B54 /* Debug */ = {
			isa = XCBuildConfiguration;
			buildSettings = {
				ALWAYS_SEARCH_USER_PATHS = NO;
				CLANG_ANALYZER_NONNULL = YES;
				CLANG_ANALYZER_NUMBER_OBJECT_CONVERSION = YES_AGGRESSIVE;
				CLANG_CXX_LANGUAGE_STANDARD = "gnu++14";
				CLANG_CXX_LIBRARY = "libc++";
				CLANG_ENABLE_MODULES = YES;
				CLANG_ENABLE_OBJC_ARC = YES;
				CLANG_ENABLE_OBJC_WEAK = YES;
				CLANG_WARN_BLOCK_CAPTURE_AUTORELEASING = YES;
				CLANG_WARN_BOOL_CONVERSION = YES;
				CLANG_WARN_COMMA = YES;
				CLANG_WARN_CONSTANT_CONVERSION = YES;
				CLANG_WARN_DEPRECATED_OBJC_IMPLEMENTATIONS = YES;
				CLANG_WARN_DIRECT_OBJC_ISA_USAGE = YES_ERROR;
				CLANG_WARN_DOCUMENTATION_COMMENTS = YES;
				CLANG_WARN_EMPTY_BODY = YES;
				CLANG_WARN_ENUM_CONVERSION = YES;
				CLANG_WARN_INFINITE_RECURSION = YES;
				CLANG_WARN_INT_CONVERSION = YES;
				CLANG_WARN_NON_LITERAL_NULL_CONVERSION = YES;
				CLANG_WARN_OBJC_IMPLICIT_RETAIN_SELF = YES;
				CLANG_WARN_OBJC_LITERAL_CONVERSION = YES;
				CLANG_WARN_OBJC_ROOT_CLASS = YES_ERROR;
				CLANG_WARN_RANGE_LOOP_ANALYSIS = YES;
				CLANG_WARN_STRICT_PROTOTYPES = YES;
				CLANG_WARN_SUSPICIOUS_MOVE = YES;
				CLANG_WARN_UNGUARDED_AVAILABILITY = YES_AGGRESSIVE;
				CLANG_WARN_UNREACHABLE_CODE = YES;
				CLANG_WARN__DUPLICATE_METHOD_MATCH = YES;
				CODE_SIGN_IDENTITY = "iPhone Developer";
				COPY_PHASE_STRIP = NO;
				DEBUG_INFORMATION_FORMAT = dwarf;
				ENABLE_STRICT_OBJC_MSGSEND = YES;
				ENABLE_TESTABILITY = YES;
				GCC_C_LANGUAGE_STANDARD = gnu11;
				GCC_DYNAMIC_NO_PIC = NO;
				GCC_NO_COMMON_BLOCKS = YES;
				GCC_OPTIMIZATION_LEVEL = 0;
				GCC_PREPROCESSOR_DEFINITIONS = (
					"DEBUG=1",
					"$(inherited)",
				);
				GCC_WARN_64_TO_32_BIT_CONVERSION = YES;
				GCC_WARN_ABOUT_RETURN_TYPE = YES_ERROR;
				GCC_WARN_UNDECLARED_SELECTOR = YES;
				GCC_WARN_UNINITIALIZED_AUTOS = YES_AGGRESSIVE;
				GCC_WARN_UNUSED_FUNCTION = YES;
				GCC_WARN_UNUSED_VARIABLE = YES;
				IPHONEOS_DEPLOYMENT_TARGET = 12.4;
				MTL_ENABLE_DEBUG_INFO = INCLUDE_SOURCE;
				MTL_FAST_MATH = YES;
				ONLY_ACTIVE_ARCH = YES;
				SDKROOT = iphoneos;
				SWIFT_ACTIVE_COMPILATION_CONDITIONS = DEBUG;
				SWIFT_OPTIMIZATION_LEVEL = "-Onone";
			};
			name = Debug;
		};
		115A0E2322F83C09003E8B54 /* Release */ = {
			isa = XCBuildConfiguration;
			buildSettings = {
				ALWAYS_SEARCH_USER_PATHS = NO;
				CLANG_ANALYZER_NONNULL = YES;
				CLANG_ANALYZER_NUMBER_OBJECT_CONVERSION = YES_AGGRESSIVE;
				CLANG_CXX_LANGUAGE_STANDARD = "gnu++14";
				CLANG_CXX_LIBRARY = "libc++";
				CLANG_ENABLE_MODULES = YES;
				CLANG_ENABLE_OBJC_ARC = YES;
				CLANG_ENABLE_OBJC_WEAK = YES;
				CLANG_WARN_BLOCK_CAPTURE_AUTORELEASING = YES;
				CLANG_WARN_BOOL_CONVERSION = YES;
				CLANG_WARN_COMMA = YES;
				CLANG_WARN_CONSTANT_CONVERSION = YES;
				CLANG_WARN_DEPRECATED_OBJC_IMPLEMENTATIONS = YES;
				CLANG_WARN_DIRECT_OBJC_ISA_USAGE = YES_ERROR;
				CLANG_WARN_DOCUMENTATION_COMMENTS = YES;
				CLANG_WARN_EMPTY_BODY = YES;
				CLANG_WARN_ENUM_CONVERSION = YES;
				CLANG_WARN_INFINITE_RECURSION = YES;
				CLANG_WARN_INT_CONVERSION = YES;
				CLANG_WARN_NON_LITERAL_NULL_CONVERSION = YES;
				CLANG_WARN_OBJC_IMPLICIT_RETAIN_SELF = YES;
				CLANG_WARN_OBJC_LITERAL_CONVERSION = YES;
				CLANG_WARN_OBJC_ROOT_CLASS = YES_ERROR;
				CLANG_WARN_RANGE_LOOP_ANALYSIS = YES;
				CLANG_WARN_STRICT_PROTOTYPES = YES;
				CLANG_WARN_SUSPICIOUS_MOVE = YES;
				CLANG_WARN_UNGUARDED_AVAILABILITY = YES_AGGRESSIVE;
				CLANG_WARN_UNREACHABLE_CODE = YES;
				CLANG_WARN__DUPLICATE_METHOD_MATCH = YES;
				CODE_SIGN_IDENTITY = "iPhone Developer";
				COPY_PHASE_STRIP = NO;
				DEBUG_INFORMATION_FORMAT = "dwarf-with-dsym";
				ENABLE_NS_ASSERTIONS = NO;
				ENABLE_STRICT_OBJC_MSGSEND = YES;
				GCC_C_LANGUAGE_STANDARD = gnu11;
				GCC_NO_COMMON_BLOCKS = YES;
				GCC_WARN_64_TO_32_BIT_CONVERSION = YES;
				GCC_WARN_ABOUT_RETURN_TYPE = YES_ERROR;
				GCC_WARN_UNDECLARED_SELECTOR = YES;
				GCC_WARN_UNINITIALIZED_AUTOS = YES_AGGRESSIVE;
				GCC_WARN_UNUSED_FUNCTION = YES;
				GCC_WARN_UNUSED_VARIABLE = YES;
				IPHONEOS_DEPLOYMENT_TARGET = 12.4;
				MTL_ENABLE_DEBUG_INFO = NO;
				MTL_FAST_MATH = YES;
				SDKROOT = iphoneos;
				SWIFT_COMPILATION_MODE = wholemodule;
				SWIFT_OPTIMIZATION_LEVEL = "-O";
				VALIDATE_PRODUCT = YES;
			};
			name = Release;
		};
		115A0E2522F83C09003E8B54 /* Debug */ = {
			isa = XCBuildConfiguration;
			buildSettings = {
				ASSETCATALOG_COMPILER_APPICON_NAME = AppIcon;
				CODE_SIGN_STYLE = Automatic;
				DEVELOPMENT_TEAM = Z2RVNF8M3A;
				FRAMEWORK_SEARCH_PATHS = (
					"$(inherited)",
					"$(PROJECT_DIR)/Carthage/Build/iOS",
				);
				INFOPLIST_FILE = "test-app/Info.plist";
				LD_RUNPATH_SEARCH_PATHS = (
					"$(inherited)",
					"@executable_path/Frameworks",
				);
				PRODUCT_BUNDLE_IDENTIFIER = "alex.rogov.test-app";
				PRODUCT_NAME = "$(TARGET_NAME)";
				SWIFT_VERSION = 5.0;
				TARGETED_DEVICE_FAMILY = "1,2";
			};
			name = Debug;
		};
		115A0E2622F83C09003E8B54 /* Release */ = {
			isa = XCBuildConfiguration;
			buildSettings = {
				ASSETCATALOG_COMPILER_APPICON_NAME = AppIcon;
				CODE_SIGN_STYLE = Automatic;
				DEVELOPMENT_TEAM = Z2RVNF8M3A;
				FRAMEWORK_SEARCH_PATHS = (
					"$(inherited)",
					"$(PROJECT_DIR)/Carthage/Build/iOS",
				);
				INFOPLIST_FILE = "test-app/Info.plist";
				LD_RUNPATH_SEARCH_PATHS = (
					"$(inherited)",
					"@executable_path/Frameworks",
				);
				PRODUCT_BUNDLE_IDENTIFIER = "alex.rogov.test-app";
				PRODUCT_NAME = "$(TARGET_NAME)";
				SWIFT_VERSION = 5.0;
				TARGETED_DEVICE_FAMILY = "1,2";
			};
			name = Release;
		};
/* End XCBuildConfiguration section */

/* Begin XCConfigurationList section */
		115A0E0D22F83C07003E8B54 /* Build configuration list for PBXProject "test-app" */ = {
			isa = XCConfigurationList;
			buildConfigurations = (
				115A0E2222F83C09003E8B54 /* Debug */,
				115A0E2322F83C09003E8B54 /* Release */,
			);
			defaultConfigurationIsVisible = 0;
			defaultConfigurationName = Release;
		};
		115A0E2422F83C09003E8B54 /* Build configuration list for PBXNativeTarget "test-app" */ = {
			isa = XCConfigurationList;
			buildConfigurations = (
				115A0E2522F83C09003E8B54 /* Debug */,
				115A0E2622F83C09003E8B54 /* Release */,
			);
			defaultConfigurationIsVisible = 0;
			defaultConfigurationName = Release;
		};
/* End XCConfigurationList section */
	};
	rootObject = 115A0E0A22F83C07003E8B54 /* Project object */;
}
